<?xml version="1.0" encoding="utf-8"?>
<Project ToolsVersion="4.0" xmlns="http://schemas.microsoft.com/developer/msbuild/2003">
  <ItemGroup>
    <Filter Include="Source Files">
      <UniqueIdentifier>{4FC737F1-C7A5-4376-A066-2A32D752A2FF}</UniqueIdentifier>
      <Extensions>cpp;c;cc;cxx;def;odl;idl;hpj;bat;asm;asmx</Extensions>
    </Filter>
    <Filter Include="Header Files">
      <UniqueIdentifier>{93995380-89BD-4b04-88EB-625FBE52EBFB}</UniqueIdentifier>
      <Extensions>h;hh;hpp;hxx;hm;inl;inc;xsd</Extensions>
    </Filter>
    <Filter Include="Resource Files">
      <UniqueIdentifier>{67DA6AB6-F800-4c08-8B7A-83BB121AAD01}</UniqueIdentifier>
      <Extensions>rc;ico;cur;bmp;dlg;rc2;rct;bin;rgs;gif;jpg;jpeg;jpe;resx;tiff;tif;png;wav;mfcribbon-ms</Extensions>
    </Filter>
    <Filter Include="Header Files\nodes">
      <UniqueIdentifier>{13d40fea-a709-4da4-b675-7d69eaff8bed}</UniqueIdentifier>
    </Filter>
    <Filter Include="Source Files\nodes">
      <UniqueIdentifier>{fb06b178-3b76-444a-be07-7a1c2f241d57}</UniqueIdentifier>
    </Filter>
    <Filter Include="Header Files\visitor">
      <UniqueIdentifier>{7f84dc13-025f-40f5-adde-08eec93ce625}</UniqueIdentifier>
    </Filter>
    <Filter Include="Header Files\frontend">
      <UniqueIdentifier>{8e98c70a-865b-4b33-9cdb-da3e49b40227}</UniqueIdentifier>
    </Filter>
    <Filter Include="Source Files\frontend">
      <UniqueIdentifier>{0b6d653d-740e-4d27-a61b-be524c58b5d5}</UniqueIdentifier>
    </Filter>
    <Filter Include="Source Files\visitor">
      <UniqueIdentifier>{df701b22-1e2e-4dce-9095-5dfcb2f85171}</UniqueIdentifier>
    </Filter>
    <Filter Include="Header Files\exceptions">
      <UniqueIdentifier>{48479a72-fcd4-4a75-89cf-b68abf3011df}</UniqueIdentifier>
    </Filter>
    <Filter Include="Source Files\exceptions">
      <UniqueIdentifier>{0e69339e-f646-490e-a6a1-71fd1c8c0e43}</UniqueIdentifier>
    </Filter>
    <Filter Include="Header Files\environments">
      <UniqueIdentifier>{0e5ab640-d41b-47b4-9a27-a1c9b058a947}</UniqueIdentifier>
    </Filter>
    <Filter Include="Source Files\environments">
      <UniqueIdentifier>{1b49b105-d9cf-464c-a8b1-43a9af38dcbb}</UniqueIdentifier>
    </Filter>
  </ItemGroup>
  <ItemGroup>
    <ClCompile Include="Application.cpp">
      <Filter>Source Files</Filter>
    </ClCompile>
    <ClCompile Include="BinOpASTNode.cpp">
      <Filter>Source Files\nodes</Filter>
    </ClCompile>
    <ClCompile Include="IntConstASTNode.cpp">
      <Filter>Source Files\nodes</Filter>
    </ClCompile>
    <ClCompile Include="IAST.cpp">
      <Filter>Source Files\nodes</Filter>
    </ClCompile>
    <ClCompile Include="StatementBlockASTNode.cpp">
      <Filter>Source Files\nodes</Filter>
    </ClCompile>
    <ClCompile Include="PrintIntStatement.cpp">
      <Filter>Source Files\nodes</Filter>
    </ClCompile>
    <ClCompile Include="PrintNewLineStatement.cpp">
      <Filter>Source Files\nodes</Filter>
    </ClCompile>
    <ClCompile Include="IVisitor.cpp">
      <Filter>Source Files\visitor</Filter>
    </ClCompile>
    <ClCompile Include="GASVisitor.cpp">
      <Filter>Source Files\visitor</Filter>
    </ClCompile>
    <ClCompile Include="Parser.cpp">
      <Filter>Source Files\frontend</Filter>
    </ClCompile>
    <ClCompile Include="Scanner.cpp">
      <Filter>Source Files\frontend</Filter>
    </ClCompile>
    <ClCompile Include="Siever.cpp">
      <Filter>Source Files\frontend</Filter>
    </ClCompile>
    <ClCompile Include="Token.cpp">
      <Filter>Source Files\frontend</Filter>
    </ClCompile>
    <ClCompile Include="DeclarationASTNode.cpp">
      <Filter>Source Files\nodes</Filter>
    </ClCompile>
    <ClCompile Include="AssignmentASTNode.cpp">
      <Filter>Source Files\nodes</Filter>
    </ClCompile>
    <ClCompile Include="NegationASTNode.cpp">
      <Filter>Source Files\nodes</Filter>
    </ClCompile>
    <ClCompile Include="VariableASTNode.cpp">
      <Filter>Source Files\nodes</Filter>
    </ClCompile>
    <ClCompile Include="IfASTNode.cpp">
      <Filter>Source Files\nodes</Filter>
    </ClCompile>
    <ClCompile Include="IfElseASTNode.cpp">
      <Filter>Source Files\nodes</Filter>
    </ClCompile>
    <ClCompile Include="WhileASTNode.cpp">
      <Filter>Source Files\nodes</Filter>
    </ClCompile>
    <ClCompile Include="FunctionDefinitionASTNode.cpp">
      <Filter>Source Files\nodes</Filter>
    </ClCompile>
    <ClCompile Include="FunctionDefinitionsASTNode.cpp">
      <Filter>Source Files\nodes</Filter>
    </ClCompile>
    <ClCompile Include="FunctionRedefinitionException.cpp">
      <Filter>Source Files\exceptions</Filter>
    </ClCompile>
    <ClCompile Include="ParseException.cpp">
      <Filter>Source Files\exceptions</Filter>
    </ClCompile>
    <ClCompile Include="VariableNotFoundExeption.cpp">
      <Filter>Source Files\exceptions</Filter>
    </ClCompile>
    <ClCompile Include="VariableRedeclarationException.cpp">
      <Filter>Source Files\exceptions</Filter>
    </ClCompile>
    <ClCompile Include="FunctionsEnvironment.cpp">
      <Filter>Source Files\environments</Filter>
    </ClCompile>
    <ClCompile Include="VariablesEnvironment.cpp">
      <Filter>Source Files\environments</Filter>
    </ClCompile>
    <ClCompile Include="Function.cpp">
      <Filter>Source Files</Filter>
    </ClCompile>
    <ClCompile Include="Variable.cpp">
      <Filter>Source Files</Filter>
    </ClCompile>
    <ClCompile Include="ComplementASTNode.cpp">
      <Filter>Source Files</Filter>
    </ClCompile>
    <ClCompile Include="UnknownOperatorException.cpp">
      <Filter>Source Files</Filter>
    </ClCompile>
  </ItemGroup>
  <ItemGroup>
    <ClInclude Include="BinOpASTNode.h">
      <Filter>Header Files\nodes</Filter>
    </ClInclude>
    <ClInclude Include="IAST.h">
      <Filter>Header Files\nodes</Filter>
    </ClInclude>
    <ClInclude Include="IntConstASTNode.h">
      <Filter>Header Files\nodes</Filter>
    </ClInclude>
    <ClInclude Include="StatementBlockASTNode.h">
      <Filter>Header Files\nodes</Filter>
    </ClInclude>
    <ClInclude Include="PrintIntStatementASTNode.h">
      <Filter>Header Files\nodes</Filter>
    </ClInclude>
    <ClInclude Include="PrintNewLineStatementASTNode.h">
      <Filter>Header Files\nodes</Filter>
    </ClInclude>
    <ClInclude Include="IVisitor.h">
      <Filter>Header Files\visitor</Filter>
    </ClInclude>
    <ClInclude Include="GASVisitor.h">
      <Filter>Header Files\visitor</Filter>
    </ClInclude>
    <ClInclude Include="Siever.h">
      <Filter>Header Files\frontend</Filter>
    </ClInclude>
    <ClInclude Include="Scanner.h">
      <Filter>Header Files\frontend</Filter>
    </ClInclude>
    <ClInclude Include="Parser.h">
      <Filter>Header Files\frontend</Filter>
    </ClInclude>
    <ClInclude Include="Token.h">
      <Filter>Header Files\frontend</Filter>
    </ClInclude>
    <ClInclude Include="TokenType.h">
      <Filter>Header Files\frontend</Filter>
    </ClInclude>
    <ClInclude Include="resource.h">
      <Filter>Header Files</Filter>
    </ClInclude>
    <ClInclude Include="DeclarationASTNode.h">
      <Filter>Header Files\nodes</Filter>
    </ClInclude>
    <ClInclude Include="AssignmentASTNode.h">
      <Filter>Header Files\nodes</Filter>
    </ClInclude>
    <ClInclude Include="NegationASTNode.h">
      <Filter>Header Files\nodes</Filter>
    </ClInclude>
    <ClInclude Include="VariableASTNode.h">
      <Filter>Header Files\nodes</Filter>
    </ClInclude>
    <ClInclude Include="IfASTNode.h">
      <Filter>Header Files\nodes</Filter>
    </ClInclude>
    <ClInclude Include="WhileASTNode.h">
      <Filter>Header Files\nodes</Filter>
    </ClInclude>
    <ClInclude Include="IfElseASTNode.h">
      <Filter>Header Files\nodes</Filter>
    </ClInclude>
    <ClInclude Include="FunctionDefinitionASTNode.h">
      <Filter>Header Files\nodes</Filter>
    </ClInclude>
    <ClInclude Include="FunctionDefinitionsASTNode.h">
      <Filter>Header Files\nodes</Filter>
    </ClInclude>
    <ClInclude Include="ParseException.h">
      <Filter>Header Files\exceptions</Filter>
    </ClInclude>
    <ClInclude Include="FunctionRedefinitionException.h">
      <Filter>Header Files\exceptions</Filter>
    </ClInclude>
    <ClInclude Include="VariableNotFoundExeption.h">
      <Filter>Header Files\exceptions</Filter>
    </ClInclude>
    <ClInclude Include="VariableRedeclarationException.h">
      <Filter>Header Files\exceptions</Filter>
    </ClInclude>
    <ClInclude Include="FunctionsEnvironment.h">
      <Filter>Header Files\environments</Filter>
    </ClInclude>
    <ClInclude Include="VariablesEnvironment.h">
      <Filter>Header Files\environments</Filter>
    </ClInclude>
    <ClInclude Include="Function.h">
      <Filter>Header Files</Filter>
    </ClInclude>
    <ClInclude Include="Variable.h">
      <Filter>Header Files</Filter>
    </ClInclude>
    <ClInclude Include="ComplementASTNode.h">
      <Filter>Header Files</Filter>
    </ClInclude>
    <ClInclude Include="BinaryOperator.h">
      <Filter>Header Files</Filter>
    </ClInclude>
    <ClInclude Include="UnknownOperatorException.h">
      <Filter>Header Files</Filter>
    </ClInclude>
  </ItemGroup>
  <ItemGroup>
    <ResourceCompile Include="s3lc.rc">
      <Filter>Resource Files</Filter>
    </ResourceCompile>
  </ItemGroup>
</Project>